// !$*UTF8*$!
{
	archiveVersion = 1;
	classes = {
	};
	objectVersion = 52;
	objects = {

/* Begin PBXBuildFile section */
		9F0ADAE526B3650700895410 /* DoubleField.swift in Sources */ = {isa = PBXBuildFile; fileRef = 9F0ADAE426B3650700895410 /* DoubleField.swift */; };
		9F0ADAE626B3650700895410 /* DoubleField.swift in Sources */ = {isa = PBXBuildFile; fileRef = 9F0ADAE426B3650700895410 /* DoubleField.swift */; };
		9F0F1B3826AAA181005FE1C9 /* EndpointPublisher in Frameworks */ = {isa = PBXBuildFile; productRef = 9F0F1B3726AAA181005FE1C9 /* EndpointPublisher */; };
		9F0F1B3B26AAA19A005FE1C9 /* EndpointPublisher in Frameworks */ = {isa = PBXBuildFile; productRef = 9F0F1B3A26AAA19A005FE1C9 /* EndpointPublisher */; };
		9F0F1B3D26AADEEE005FE1C9 /* Currency.swift in Sources */ = {isa = PBXBuildFile; fileRef = 9F0F1B3C26AADEEE005FE1C9 /* Currency.swift */; };
		9F0F1B3E26AADEEE005FE1C9 /* Currency.swift in Sources */ = {isa = PBXBuildFile; fileRef = 9F0F1B3C26AADEEE005FE1C9 /* Currency.swift */; };
		9F1667B62693A7F000A9EE6C /* ListView.swift in Sources */ = {isa = PBXBuildFile; fileRef = 9F1667B52693A7F000A9EE6C /* ListView.swift */; };
		9F1667B72693A7F000A9EE6C /* ListView.swift in Sources */ = {isa = PBXBuildFile; fileRef = 9F1667B52693A7F000A9EE6C /* ListView.swift */; };
		9F4C7BCC26962A69004BCF89 /* ConvertView.swift in Sources */ = {isa = PBXBuildFile; fileRef = 9F4C7BCB26962A69004BCF89 /* ConvertView.swift */; };
		9F56F5F826ACA67B00E1C031 /* macOSView.swift in Sources */ = {isa = PBXBuildFile; fileRef = 9F56F5F726ACA67B00E1C031 /* macOSView.swift */; };
		9F77C1652693991E00D017F3 /* Tests_iOS.swift in Sources */ = {isa = PBXBuildFile; fileRef = 9F77C1642693991E00D017F3 /* Tests_iOS.swift */; };
		9F77C1702693991E00D017F3 /* Tests_macOS.swift in Sources */ = {isa = PBXBuildFile; fileRef = 9F77C16F2693991E00D017F3 /* Tests_macOS.swift */; };
		9F77C1722693991E00D017F3 /* CurrencyApp.swift in Sources */ = {isa = PBXBuildFile; fileRef = 9F77C1492693991C00D017F3 /* CurrencyApp.swift */; };
		9F77C1732693991E00D017F3 /* CurrencyApp.swift in Sources */ = {isa = PBXBuildFile; fileRef = 9F77C1492693991C00D017F3 /* CurrencyApp.swift */; };
		9F77C1742693991E00D017F3 /* iOSView.swift in Sources */ = {isa = PBXBuildFile; fileRef = 9F77C14A2693991C00D017F3 /* iOSView.swift */; };
		9F77C1762693991E00D017F3 /* Assets.xcassets in Resources */ = {isa = PBXBuildFile; fileRef = 9F77C14B2693991E00D017F3 /* Assets.xcassets */; };
		9F77C1772693991E00D017F3 /* Assets.xcassets in Resources */ = {isa = PBXBuildFile; fileRef = 9F77C14B2693991E00D017F3 /* Assets.xcassets */; };
		9FAF6E24269690F200C04A2F /* ConvertModel.swift in Sources */ = {isa = PBXBuildFile; fileRef = 9FAF6E23269690F200C04A2F /* ConvertModel.swift */; };
		9FAF6E2A2696B52E00C04A2F /* Money.swift in Sources */ = {isa = PBXBuildFile; fileRef = 9FAF6E292696B52E00C04A2F /* Money.swift */; };
		9FAF6E2B2696B52E00C04A2F /* Money.swift in Sources */ = {isa = PBXBuildFile; fileRef = 9FAF6E292696B52E00C04A2F /* Money.swift */; };
		9FC0A6F62693BDA500BD46C4 /* CurrencyLayer.swift in Sources */ = {isa = PBXBuildFile; fileRef = 9FC0A6F52693BDA500BD46C4 /* CurrencyLayer.swift */; };
		9FC0A6F72693BDA500BD46C4 /* CurrencyLayer.swift in Sources */ = {isa = PBXBuildFile; fileRef = 9FC0A6F52693BDA500BD46C4 /* CurrencyLayer.swift */; };
		9FCD619526A0DEA200004179 /* CurrencyData.swift in Sources */ = {isa = PBXBuildFile; fileRef = 9FCD619426A0DEA200004179 /* CurrencyData.swift */; };
		9FE9A12A2699598F00176598 /* CurrencyNameView.swift in Sources */ = {isa = PBXBuildFile; fileRef = 9FE9A1292699598F00176598 /* CurrencyNameView.swift */; };
		9FE9A12B2699598F00176598 /* CurrencyNameView.swift in Sources */ = {isa = PBXBuildFile; fileRef = 9FE9A1292699598F00176598 /* CurrencyNameView.swift */; };
		9FFAA84326A2CD6500FE6DCE /* CurrencyData.swift in Sources */ = {isa = PBXBuildFile; fileRef = 9FCD619426A0DEA200004179 /* CurrencyData.swift */; };
		9FFAA84426A2CD6E00FE6DCE /* ConvertModel.swift in Sources */ = {isa = PBXBuildFile; fileRef = 9FAF6E23269690F200C04A2F /* ConvertModel.swift */; };
/* End PBXBuildFile section */

/* Begin PBXContainerItemProxy section */
		9F77C1612693991E00D017F3 /* PBXContainerItemProxy */ = {
			isa = PBXContainerItemProxy;
			containerPortal = 9F77C1442693991C00D017F3 /* Project object */;
			proxyType = 1;
			remoteGlobalIDString = 9F77C14F2693991E00D017F3;
			remoteInfo = "Currency (iOS)";
		};
		9F77C16C2693991E00D017F3 /* PBXContainerItemProxy */ = {
			isa = PBXContainerItemProxy;
			containerPortal = 9F77C1442693991C00D017F3 /* Project object */;
			proxyType = 1;
			remoteGlobalIDString = 9F77C1572693991E00D017F3;
			remoteInfo = "Currency (macOS)";
		};
/* End PBXContainerItemProxy section */

/* Begin PBXFileReference section */
		9F0ADAE426B3650700895410 /* DoubleField.swift */ = {isa = PBXFileReference; lastKnownFileType = sourcecode.swift; path = DoubleField.swift; sourceTree = "<group>"; };
		9F0F1B3C26AADEEE005FE1C9 /* Currency.swift */ = {isa = PBXFileReference; lastKnownFileType = sourcecode.swift; path = Currency.swift; sourceTree = "<group>"; };
		9F1667B52693A7F000A9EE6C /* ListView.swift */ = {isa = PBXFileReference; lastKnownFileType = sourcecode.swift; path = ListView.swift; sourceTree = "<group>"; };
		9F4C7BCB26962A69004BCF89 /* ConvertView.swift */ = {isa = PBXFileReference; lastKnownFileType = sourcecode.swift; path = ConvertView.swift; sourceTree = "<group>"; };
		9F56F5F726ACA67B00E1C031 /* macOSView.swift */ = {isa = PBXFileReference; lastKnownFileType = sourcecode.swift; path = macOSView.swift; sourceTree = "<group>"; };
		9F77C1492693991C00D017F3 /* CurrencyApp.swift */ = {isa = PBXFileReference; lastKnownFileType = sourcecode.swift; path = CurrencyApp.swift; sourceTree = "<group>"; };
		9F77C14A2693991C00D017F3 /* iOSView.swift */ = {isa = PBXFileReference; lastKnownFileType = sourcecode.swift; path = iOSView.swift; sourceTree = "<group>"; };
		9F77C14B2693991E00D017F3 /* Assets.xcassets */ = {isa = PBXFileReference; lastKnownFileType = folder.assetcatalog; path = Assets.xcassets; sourceTree = "<group>"; };
		9F77C1502693991E00D017F3 /* Currency.app */ = {isa = PBXFileReference; explicitFileType = wrapper.application; includeInIndex = 0; path = Currency.app; sourceTree = BUILT_PRODUCTS_DIR; };
		9F77C1532693991E00D017F3 /* Info.plist */ = {isa = PBXFileReference; lastKnownFileType = text.plist.xml; path = Info.plist; sourceTree = "<group>"; };
		9F77C1582693991E00D017F3 /* Currency.app */ = {isa = PBXFileReference; explicitFileType = wrapper.application; includeInIndex = 0; path = Currency.app; sourceTree = BUILT_PRODUCTS_DIR; };
		9F77C15A2693991E00D017F3 /* Info.plist */ = {isa = PBXFileReference; lastKnownFileType = text.plist.xml; path = Info.plist; sourceTree = "<group>"; };
		9F77C15B2693991E00D017F3 /* macOS.entitlements */ = {isa = PBXFileReference; lastKnownFileType = text.plist.entitlements; path = macOS.entitlements; sourceTree = "<group>"; };
		9F77C1602693991E00D017F3 /* Tests iOS.xctest */ = {isa = PBXFileReference; explicitFileType = wrapper.cfbundle; includeInIndex = 0; path = "Tests iOS.xctest"; sourceTree = BUILT_PRODUCTS_DIR; };
		9F77C1642693991E00D017F3 /* Tests_iOS.swift */ = {isa = PBXFileReference; lastKnownFileType = sourcecode.swift; path = Tests_iOS.swift; sourceTree = "<group>"; };
		9F77C1662693991E00D017F3 /* Info.plist */ = {isa = PBXFileReference; lastKnownFileType = text.plist.xml; path = Info.plist; sourceTree = "<group>"; };
		9F77C16B2693991E00D017F3 /* Tests macOS.xctest */ = {isa = PBXFileReference; explicitFileType = wrapper.cfbundle; includeInIndex = 0; path = "Tests macOS.xctest"; sourceTree = BUILT_PRODUCTS_DIR; };
		9F77C16F2693991E00D017F3 /* Tests_macOS.swift */ = {isa = PBXFileReference; lastKnownFileType = sourcecode.swift; path = Tests_macOS.swift; sourceTree = "<group>"; };
		9F77C1712693991E00D017F3 /* Info.plist */ = {isa = PBXFileReference; lastKnownFileType = text.plist.xml; path = Info.plist; sourceTree = "<group>"; };
		9FAF6E23269690F200C04A2F /* ConvertModel.swift */ = {isa = PBXFileReference; lastKnownFileType = sourcecode.swift; path = ConvertModel.swift; sourceTree = "<group>"; };
		9FAF6E292696B52E00C04A2F /* Money.swift */ = {isa = PBXFileReference; lastKnownFileType = sourcecode.swift; path = Money.swift; sourceTree = "<group>"; };
		9FC0A6F52693BDA500BD46C4 /* CurrencyLayer.swift */ = {isa = PBXFileReference; lastKnownFileType = sourcecode.swift; path = CurrencyLayer.swift; sourceTree = "<group>"; };
		9FCD619426A0DEA200004179 /* CurrencyData.swift */ = {isa = PBXFileReference; lastKnownFileType = sourcecode.swift; path = CurrencyData.swift; sourceTree = "<group>"; };
		9FE04B5C26AFA71D00F6D22A /* EndpointPublisher */ = {isa = PBXFileReference; lastKnownFileType = folder; name = EndpointPublisher; path = ../../../EndpointPublisher; sourceTree = "<group>"; };
		9FE9A1292699598F00176598 /* CurrencyNameView.swift */ = {isa = PBXFileReference; lastKnownFileType = sourcecode.swift; path = CurrencyNameView.swift; sourceTree = "<group>"; };
/* End PBXFileReference section */

/* Begin PBXFrameworksBuildPhase section */
		9F77C14D2693991E00D017F3 /* Frameworks */ = {
			isa = PBXFrameworksBuildPhase;
			buildActionMask = 2147483647;
			files = (
				9F0F1B3826AAA181005FE1C9 /* EndpointPublisher in Frameworks */,
			);
			runOnlyForDeploymentPostprocessing = 0;
		};
		9F77C1552693991E00D017F3 /* Frameworks */ = {
			isa = PBXFrameworksBuildPhase;
			buildActionMask = 2147483647;
			files = (
				9F0F1B3B26AAA19A005FE1C9 /* EndpointPublisher in Frameworks */,
			);
			runOnlyForDeploymentPostprocessing = 0;
		};
		9F77C15D2693991E00D017F3 /* Frameworks */ = {
			isa = PBXFrameworksBuildPhase;
			buildActionMask = 2147483647;
			files = (
			);
			runOnlyForDeploymentPostprocessing = 0;
		};
		9F77C1682693991E00D017F3 /* Frameworks */ = {
			isa = PBXFrameworksBuildPhase;
			buildActionMask = 2147483647;
			files = (
			);
			runOnlyForDeploymentPostprocessing = 0;
		};
/* End PBXFrameworksBuildPhase section */

/* Begin PBXGroup section */
		9F0F1B3926AAA199005FE1C9 /* Frameworks */ = {
			isa = PBXGroup;
			children = (
				9FE04B5C26AFA71D00F6D22A /* EndpointPublisher */,
			);
			name = Frameworks;
			sourceTree = "<group>";
		};
		9F1667B82693A94600A9EE6C /* View */ = {
			isa = PBXGroup;
			children = (
				9F77C1492693991C00D017F3 /* CurrencyApp.swift */,
				9F1667B52693A7F000A9EE6C /* ListView.swift */,
				9FE9A1292699598F00176598 /* CurrencyNameView.swift */,
				9F77C14B2693991E00D017F3 /* Assets.xcassets */,
				9F0ADAE426B3650700895410 /* DoubleField.swift */,
			);
			path = View;
			sourceTree = "<group>";
		};
		9F56F5F626ACA44C00E1C031 /* View */ = {
			isa = PBXGroup;
			children = (
				9F56F5F726ACA67B00E1C031 /* macOSView.swift */,
			);
			path = View;
			sourceTree = "<group>";
		};
		9F77C1432693991C00D017F3 = {
			isa = PBXGroup;
			children = (
				9F77C1482693991C00D017F3 /* Shared */,
				9F77C1522693991E00D017F3 /* iOS */,
				9F77C1592693991E00D017F3 /* macOS */,
				9F77C1632693991E00D017F3 /* Tests iOS */,
				9F77C16E2693991E00D017F3 /* Tests macOS */,
				9F77C1512693991E00D017F3 /* Products */,
				9F0F1B3926AAA199005FE1C9 /* Frameworks */,
			);
			sourceTree = "<group>";
		};
		9F77C1482693991C00D017F3 /* Shared */ = {
			isa = PBXGroup;
			children = (
				9FC0A6F02693BA8900BD46C4 /* Model */,
				9FB1516F2696E03700035F8F /* ViewModel */,
				9F1667B82693A94600A9EE6C /* View */,
				9FC0A6F42693BD7300BD46C4 /* REST */,
			);
			path = Shared;
			sourceTree = "<group>";
		};
		9F77C1512693991E00D017F3 /* Products */ = {
			isa = PBXGroup;
			children = (
				9F77C1502693991E00D017F3 /* Currency.app */,
				9F77C1582693991E00D017F3 /* Currency.app */,
				9F77C1602693991E00D017F3 /* Tests iOS.xctest */,
				9F77C16B2693991E00D017F3 /* Tests macOS.xctest */,
			);
			name = Products;
			sourceTree = "<group>";
		};
		9F77C1522693991E00D017F3 /* iOS */ = {
			isa = PBXGroup;
			children = (
				9F77C14A2693991C00D017F3 /* iOSView.swift */,
				9F4C7BCB26962A69004BCF89 /* ConvertView.swift */,
				9F77C1532693991E00D017F3 /* Info.plist */,
			);
			path = iOS;
			sourceTree = "<group>";
		};
		9F77C1592693991E00D017F3 /* macOS */ = {
			isa = PBXGroup;
			children = (
				9F56F5F626ACA44C00E1C031 /* View */,
				9F77C15A2693991E00D017F3 /* Info.plist */,
				9F77C15B2693991E00D017F3 /* macOS.entitlements */,
			);
			path = macOS;
			sourceTree = "<group>";
		};
		9F77C1632693991E00D017F3 /* Tests iOS */ = {
			isa = PBXGroup;
			children = (
				9F77C1642693991E00D017F3 /* Tests_iOS.swift */,
				9F77C1662693991E00D017F3 /* Info.plist */,
			);
			path = "Tests iOS";
			sourceTree = "<group>";
		};
		9F77C16E2693991E00D017F3 /* Tests macOS */ = {
			isa = PBXGroup;
			children = (
				9F77C16F2693991E00D017F3 /* Tests_macOS.swift */,
				9F77C1712693991E00D017F3 /* Info.plist */,
			);
			path = "Tests macOS";
			sourceTree = "<group>";
		};
		9FB1516F2696E03700035F8F /* ViewModel */ = {
			isa = PBXGroup;
			children = (
				9FCD619426A0DEA200004179 /* CurrencyData.swift */,
				9FAF6E23269690F200C04A2F /* ConvertModel.swift */,
			);
			path = ViewModel;
			sourceTree = "<group>";
		};
		9FC0A6F02693BA8900BD46C4 /* Model */ = {
			isa = PBXGroup;
			children = (
				9FAF6E292696B52E00C04A2F /* Money.swift */,
				9F0F1B3C26AADEEE005FE1C9 /* Currency.swift */,
			);
			path = Model;
			sourceTree = "<group>";
		};
		9FC0A6F42693BD7300BD46C4 /* REST */ = {
			isa = PBXGroup;
			children = (
				9FC0A6F52693BDA500BD46C4 /* CurrencyLayer.swift */,
			);
			path = REST;
			sourceTree = "<group>";
		};
/* End PBXGroup section */

/* Begin PBXNativeTarget section */
		9F77C14F2693991E00D017F3 /* Currency (iOS) */ = {
			isa = PBXNativeTarget;
			buildConfigurationList = 9F77C17A2693991E00D017F3 /* Build configuration list for PBXNativeTarget "Currency (iOS)" */;
			buildPhases = (
				9F77C14C2693991E00D017F3 /* Sources */,
				9F77C14D2693991E00D017F3 /* Frameworks */,
				9F77C14E2693991E00D017F3 /* Resources */,
			);
			buildRules = (
			);
			dependencies = (
			);
			name = "Currency (iOS)";
			packageProductDependencies = (
				9F0F1B3726AAA181005FE1C9 /* EndpointPublisher */,
			);
			productName = "Currency (iOS)";
			productReference = 9F77C1502693991E00D017F3 /* Currency.app */;
			productType = "com.apple.product-type.application";
		};
		9F77C1572693991E00D017F3 /* Currency (macOS) */ = {
			isa = PBXNativeTarget;
			buildConfigurationList = 9F77C17D2693991E00D017F3 /* Build configuration list for PBXNativeTarget "Currency (macOS)" */;
			buildPhases = (
				9F77C1542693991E00D017F3 /* Sources */,
				9F77C1552693991E00D017F3 /* Frameworks */,
				9F77C1562693991E00D017F3 /* Resources */,
			);
			buildRules = (
			);
			dependencies = (
			);
			name = "Currency (macOS)";
			packageProductDependencies = (
				9F0F1B3A26AAA19A005FE1C9 /* EndpointPublisher */,
			);
			productName = "Currency (macOS)";
			productReference = 9F77C1582693991E00D017F3 /* Currency.app */;
			productType = "com.apple.product-type.application";
		};
		9F77C15F2693991E00D017F3 /* Tests iOS */ = {
			isa = PBXNativeTarget;
			buildConfigurationList = 9F77C1802693991E00D017F3 /* Build configuration list for PBXNativeTarget "Tests iOS" */;
			buildPhases = (
				9F77C15C2693991E00D017F3 /* Sources */,
				9F77C15D2693991E00D017F3 /* Frameworks */,
				9F77C15E2693991E00D017F3 /* Resources */,
			);
			buildRules = (
			);
			dependencies = (
				9F77C1622693991E00D017F3 /* PBXTargetDependency */,
			);
			name = "Tests iOS";
			productName = "Tests iOS";
			productReference = 9F77C1602693991E00D017F3 /* Tests iOS.xctest */;
			productType = "com.apple.product-type.bundle.ui-testing";
		};
		9F77C16A2693991E00D017F3 /* Tests macOS */ = {
			isa = PBXNativeTarget;
			buildConfigurationList = 9F77C1832693991E00D017F3 /* Build configuration list for PBXNativeTarget "Tests macOS" */;
			buildPhases = (
				9F77C1672693991E00D017F3 /* Sources */,
				9F77C1682693991E00D017F3 /* Frameworks */,
				9F77C1692693991E00D017F3 /* Resources */,
			);
			buildRules = (
			);
			dependencies = (
				9F77C16D2693991E00D017F3 /* PBXTargetDependency */,
			);
			name = "Tests macOS";
			productName = "Tests macOS";
			productReference = 9F77C16B2693991E00D017F3 /* Tests macOS.xctest */;
			productType = "com.apple.product-type.bundle.ui-testing";
		};
/* End PBXNativeTarget section */

/* Begin PBXProject section */
		9F77C1442693991C00D017F3 /* Project object */ = {
			isa = PBXProject;
			attributes = {
				LastSwiftUpdateCheck = 1250;
				LastUpgradeCheck = 1310;
				TargetAttributes = {
					9F77C14F2693991E00D017F3 = {
						CreatedOnToolsVersion = 12.5.1;
					};
					9F77C1572693991E00D017F3 = {
						CreatedOnToolsVersion = 12.5.1;
					};
					9F77C15F2693991E00D017F3 = {
						CreatedOnToolsVersion = 12.5.1;
						TestTargetID = 9F77C14F2693991E00D017F3;
					};
					9F77C16A2693991E00D017F3 = {
						CreatedOnToolsVersion = 12.5.1;
						TestTargetID = 9F77C1572693991E00D017F3;
					};
				};
			};
			buildConfigurationList = 9F77C1472693991C00D017F3 /* Build configuration list for PBXProject "Currency" */;
			compatibilityVersion = "Xcode 9.3";
			developmentRegion = en;
			hasScannedForEncodings = 0;
			knownRegions = (
				en,
				Base,
			);
			mainGroup = 9F77C1432693991C00D017F3;
			packageReferences = (
				9F0F1B3626AAA181005FE1C9 /* XCRemoteSwiftPackageReference "EndpointPublisher" */,
			);
			productRefGroup = 9F77C1512693991E00D017F3 /* Products */;
			projectDirPath = "";
			projectRoot = "";
			targets = (
				9F77C14F2693991E00D017F3 /* Currency (iOS) */,
				9F77C1572693991E00D017F3 /* Currency (macOS) */,
				9F77C15F2693991E00D017F3 /* Tests iOS */,
				9F77C16A2693991E00D017F3 /* Tests macOS */,
			);
		};
/* End PBXProject section */

/* Begin PBXResourcesBuildPhase section */
		9F77C14E2693991E00D017F3 /* Resources */ = {
			isa = PBXResourcesBuildPhase;
			buildActionMask = 2147483647;
			files = (
				9F77C1762693991E00D017F3 /* Assets.xcassets in Resources */,
			);
			runOnlyForDeploymentPostprocessing = 0;
		};
		9F77C1562693991E00D017F3 /* Resources */ = {
			isa = PBXResourcesBuildPhase;
			buildActionMask = 2147483647;
			files = (
				9F77C1772693991E00D017F3 /* Assets.xcassets in Resources */,
			);
			runOnlyForDeploymentPostprocessing = 0;
		};
		9F77C15E2693991E00D017F3 /* Resources */ = {
			isa = PBXResourcesBuildPhase;
			buildActionMask = 2147483647;
			files = (
			);
			runOnlyForDeploymentPostprocessing = 0;
		};
		9F77C1692693991E00D017F3 /* Resources */ = {
			isa = PBXResourcesBuildPhase;
			buildActionMask = 2147483647;
			files = (
			);
			runOnlyForDeploymentPostprocessing = 0;
		};
/* End PBXResourcesBuildPhase section */

/* Begin PBXSourcesBuildPhase section */
		9F77C14C2693991E00D017F3 /* Sources */ = {
			isa = PBXSourcesBuildPhase;
			buildActionMask = 2147483647;
			files = (
				9FCD619526A0DEA200004179 /* CurrencyData.swift in Sources */,
				9FAF6E24269690F200C04A2F /* ConvertModel.swift in Sources */,
				9FE9A12A2699598F00176598 /* CurrencyNameView.swift in Sources */,
				9F77C1742693991E00D017F3 /* iOSView.swift in Sources */,
				9FC0A6F62693BDA500BD46C4 /* CurrencyLayer.swift in Sources */,
				9F4C7BCC26962A69004BCF89 /* ConvertView.swift in Sources */,
				9F0F1B3D26AADEEE005FE1C9 /* Currency.swift in Sources */,
				9FAF6E2A2696B52E00C04A2F /* Money.swift in Sources */,
				9F1667B62693A7F000A9EE6C /* ListView.swift in Sources */,
				9F0ADAE526B3650700895410 /* DoubleField.swift in Sources */,
				9F77C1722693991E00D017F3 /* CurrencyApp.swift in Sources */,
			);
			runOnlyForDeploymentPostprocessing = 0;
		};
		9F77C1542693991E00D017F3 /* Sources */ = {
			isa = PBXSourcesBuildPhase;
			buildActionMask = 2147483647;
			files = (
				9FFAA84326A2CD6500FE6DCE /* CurrencyData.swift in Sources */,
				9F56F5F826ACA67B00E1C031 /* macOSView.swift in Sources */,
				9FC0A6F72693BDA500BD46C4 /* CurrencyLayer.swift in Sources */,
				9FAF6E2B2696B52E00C04A2F /* Money.swift in Sources */,
				9F0F1B3E26AADEEE005FE1C9 /* Currency.swift in Sources */,
				9F1667B72693A7F000A9EE6C /* ListView.swift in Sources */,
				9FE9A12B2699598F00176598 /* CurrencyNameView.swift in Sources */,
				9FFAA84426A2CD6E00FE6DCE /* ConvertModel.swift in Sources */,
				9F0ADAE626B3650700895410 /* DoubleField.swift in Sources */,
				9F77C1732693991E00D017F3 /* CurrencyApp.swift in Sources */,
			);
			runOnlyForDeploymentPostprocessing = 0;
		};
		9F77C15C2693991E00D017F3 /* Sources */ = {
			isa = PBXSourcesBuildPhase;
			buildActionMask = 2147483647;
			files = (
				9F77C1652693991E00D017F3 /* Tests_iOS.swift in Sources */,
			);
			runOnlyForDeploymentPostprocessing = 0;
		};
		9F77C1672693991E00D017F3 /* Sources */ = {
			isa = PBXSourcesBuildPhase;
			buildActionMask = 2147483647;
			files = (
				9F77C1702693991E00D017F3 /* Tests_macOS.swift in Sources */,
			);
			runOnlyForDeploymentPostprocessing = 0;
		};
/* End PBXSourcesBuildPhase section */

/* Begin PBXTargetDependency section */
		9F77C1622693991E00D017F3 /* PBXTargetDependency */ = {
			isa = PBXTargetDependency;
			target = 9F77C14F2693991E00D017F3 /* Currency (iOS) */;
			targetProxy = 9F77C1612693991E00D017F3 /* PBXContainerItemProxy */;
		};
		9F77C16D2693991E00D017F3 /* PBXTargetDependency */ = {
			isa = PBXTargetDependency;
			target = 9F77C1572693991E00D017F3 /* Currency (macOS) */;
			targetProxy = 9F77C16C2693991E00D017F3 /* PBXContainerItemProxy */;
		};
/* End PBXTargetDependency section */

/* Begin XCBuildConfiguration section */
		9F77C1782693991E00D017F3 /* Debug */ = {
			isa = XCBuildConfiguration;
			buildSettings = {
				ALWAYS_SEARCH_USER_PATHS = NO;
				CLANG_ANALYZER_NONNULL = YES;
				CLANG_ANALYZER_NUMBER_OBJECT_CONVERSION = YES_AGGRESSIVE;
				CLANG_CXX_LANGUAGE_STANDARD = "gnu++14";
				CLANG_CXX_LIBRARY = "libc++";
				CLANG_ENABLE_MODULES = YES;
				CLANG_ENABLE_OBJC_ARC = YES;
				CLANG_ENABLE_OBJC_WEAK = YES;
				CLANG_WARN_BLOCK_CAPTURE_AUTORELEASING = YES;
				CLANG_WARN_BOOL_CONVERSION = YES;
				CLANG_WARN_COMMA = YES;
				CLANG_WARN_CONSTANT_CONVERSION = YES;
				CLANG_WARN_DEPRECATED_OBJC_IMPLEMENTATIONS = YES;
				CLANG_WARN_DIRECT_OBJC_ISA_USAGE = YES_ERROR;
				CLANG_WARN_DOCUMENTATION_COMMENTS = YES;
				CLANG_WARN_EMPTY_BODY = YES;
				CLANG_WARN_ENUM_CONVERSION = YES;
				CLANG_WARN_INFINITE_RECURSION = YES;
				CLANG_WARN_INT_CONVERSION = YES;
				CLANG_WARN_NON_LITERAL_NULL_CONVERSION = YES;
				CLANG_WARN_OBJC_IMPLICIT_RETAIN_SELF = YES;
				CLANG_WARN_OBJC_LITERAL_CONVERSION = YES;
				CLANG_WARN_OBJC_ROOT_CLASS = YES_ERROR;
				CLANG_WARN_QUOTED_INCLUDE_IN_FRAMEWORK_HEADER = YES;
				CLANG_WARN_RANGE_LOOP_ANALYSIS = YES;
				CLANG_WARN_STRICT_PROTOTYPES = YES;
				CLANG_WARN_SUSPICIOUS_MOVE = YES;
				CLANG_WARN_UNGUARDED_AVAILABILITY = YES_AGGRESSIVE;
				CLANG_WARN_UNREACHABLE_CODE = YES;
				CLANG_WARN__DUPLICATE_METHOD_MATCH = YES;
				COPY_PHASE_STRIP = NO;
				DEBUG_INFORMATION_FORMAT = dwarf;
				ENABLE_STRICT_OBJC_MSGSEND = YES;
				ENABLE_TESTABILITY = YES;
				GCC_C_LANGUAGE_STANDARD = gnu11;
				GCC_DYNAMIC_NO_PIC = NO;
				GCC_NO_COMMON_BLOCKS = YES;
				GCC_OPTIMIZATION_LEVEL = 0;
				GCC_PREPROCESSOR_DEFINITIONS = (
					"DEBUG=1",
					"$(inherited)",
				);
				GCC_WARN_64_TO_32_BIT_CONVERSION = YES;
				GCC_WARN_ABOUT_RETURN_TYPE = YES_ERROR;
				GCC_WARN_UNDECLARED_SELECTOR = YES;
				GCC_WARN_UNINITIALIZED_AUTOS = YES_AGGRESSIVE;
				GCC_WARN_UNUSED_FUNCTION = YES;
				GCC_WARN_UNUSED_VARIABLE = YES;
				MTL_ENABLE_DEBUG_INFO = INCLUDE_SOURCE;
				MTL_FAST_MATH = YES;
				ONLY_ACTIVE_ARCH = YES;
				SWIFT_ACTIVE_COMPILATION_CONDITIONS = DEBUG;
				SWIFT_OPTIMIZATION_LEVEL = "-Onone";
			};
			name = Debug;
		};
		9F77C1792693991E00D017F3 /* Release */ = {
			isa = XCBuildConfiguration;
			buildSettings = {
				ALWAYS_SEARCH_USER_PATHS = NO;
				CLANG_ANALYZER_NONNULL = YES;
				CLANG_ANALYZER_NUMBER_OBJECT_CONVERSION = YES_AGGRESSIVE;
				CLANG_CXX_LANGUAGE_STANDARD = "gnu++14";
				CLANG_CXX_LIBRARY = "libc++";
				CLANG_ENABLE_MODULES = YES;
				CLANG_ENABLE_OBJC_ARC = YES;
				CLANG_ENABLE_OBJC_WEAK = YES;
				CLANG_WARN_BLOCK_CAPTURE_AUTORELEASING = YES;
				CLANG_WARN_BOOL_CONVERSION = YES;
				CLANG_WARN_COMMA = YES;
				CLANG_WARN_CONSTANT_CONVERSION = YES;
				CLANG_WARN_DEPRECATED_OBJC_IMPLEMENTATIONS = YES;
				CLANG_WARN_DIRECT_OBJC_ISA_USAGE = YES_ERROR;
				CLANG_WARN_DOCUMENTATION_COMMENTS = YES;
				CLANG_WARN_EMPTY_BODY = YES;
				CLANG_WARN_ENUM_CONVERSION = YES;
				CLANG_WARN_INFINITE_RECURSION = YES;
				CLANG_WARN_INT_CONVERSION = YES;
				CLANG_WARN_NON_LITERAL_NULL_CONVERSION = YES;
				CLANG_WARN_OBJC_IMPLICIT_RETAIN_SELF = YES;
				CLANG_WARN_OBJC_LITERAL_CONVERSION = YES;
				CLANG_WARN_OBJC_ROOT_CLASS = YES_ERROR;
				CLANG_WARN_QUOTED_INCLUDE_IN_FRAMEWORK_HEADER = YES;
				CLANG_WARN_RANGE_LOOP_ANALYSIS = YES;
				CLANG_WARN_STRICT_PROTOTYPES = YES;
				CLANG_WARN_SUSPICIOUS_MOVE = YES;
				CLANG_WARN_UNGUARDED_AVAILABILITY = YES_AGGRESSIVE;
				CLANG_WARN_UNREACHABLE_CODE = YES;
				CLANG_WARN__DUPLICATE_METHOD_MATCH = YES;
				COPY_PHASE_STRIP = NO;
				DEBUG_INFORMATION_FORMAT = "dwarf-with-dsym";
				ENABLE_NS_ASSERTIONS = NO;
				ENABLE_STRICT_OBJC_MSGSEND = YES;
				GCC_C_LANGUAGE_STANDARD = gnu11;
				GCC_NO_COMMON_BLOCKS = YES;
				GCC_WARN_64_TO_32_BIT_CONVERSION = YES;
				GCC_WARN_ABOUT_RETURN_TYPE = YES_ERROR;
				GCC_WARN_UNDECLARED_SELECTOR = YES;
				GCC_WARN_UNINITIALIZED_AUTOS = YES_AGGRESSIVE;
				GCC_WARN_UNUSED_FUNCTION = YES;
				GCC_WARN_UNUSED_VARIABLE = YES;
				MTL_ENABLE_DEBUG_INFO = NO;
				MTL_FAST_MATH = YES;
				SWIFT_COMPILATION_MODE = wholemodule;
				SWIFT_OPTIMIZATION_LEVEL = "-O";
			};
			name = Release;
		};
		9F77C17B2693991E00D017F3 /* Debug */ = {
			isa = XCBuildConfiguration;
			buildSettings = {
				ASSETCATALOG_COMPILER_APPICON_NAME = AppIcon;
				ASSETCATALOG_COMPILER_GLOBAL_ACCENT_COLOR_NAME = AccentColor;
				CODE_SIGN_STYLE = Automatic;
				DEVELOPMENT_TEAM = 4HDBBU25PK;
				ENABLE_PREVIEWS = YES;
				INFOPLIST_FILE = iOS/Info.plist;
				IPHONEOS_DEPLOYMENT_TARGET = 14.0;
				LD_RUNPATH_SEARCH_PATHS = (
					"$(inherited)",
					"@executable_path/Frameworks",
				);
				PRODUCT_BUNDLE_IDENTIFIER = br.com.tractrix.Currency;
				PRODUCT_NAME = Currency;
				SDKROOT = iphoneos;
				SWIFT_VERSION = 5.0;
				TARGETED_DEVICE_FAMILY = "1,2";
			};
			name = Debug;
		};
		9F77C17C2693991E00D017F3 /* Release */ = {
			isa = XCBuildConfiguration;
			buildSettings = {
				ASSETCATALOG_COMPILER_APPICON_NAME = AppIcon;
				ASSETCATALOG_COMPILER_GLOBAL_ACCENT_COLOR_NAME = AccentColor;
				CODE_SIGN_STYLE = Automatic;
				DEVELOPMENT_TEAM = 4HDBBU25PK;
				ENABLE_PREVIEWS = YES;
				INFOPLIST_FILE = iOS/Info.plist;
				IPHONEOS_DEPLOYMENT_TARGET = 14.0;
				LD_RUNPATH_SEARCH_PATHS = (
					"$(inherited)",
					"@executable_path/Frameworks",
				);
				PRODUCT_BUNDLE_IDENTIFIER = br.com.tractrix.Currency;
				PRODUCT_NAME = Currency;
				SDKROOT = iphoneos;
				SWIFT_VERSION = 5.0;
				TARGETED_DEVICE_FAMILY = "1,2";
				VALIDATE_PRODUCT = YES;
			};
			name = Release;
		};
		9F77C17E2693991E00D017F3 /* Debug */ = {
			isa = XCBuildConfiguration;
			buildSettings = {
				ASSETCATALOG_COMPILER_APPICON_NAME = AppIcon;
				ASSETCATALOG_COMPILER_GLOBAL_ACCENT_COLOR_NAME = AccentColor;
				CODE_SIGN_ENTITLEMENTS = macOS/macOS.entitlements;
				CODE_SIGN_IDENTITY = "-";
				CODE_SIGN_STYLE = Automatic;
				COMBINE_HIDPI_IMAGES = YES;
				DEVELOPMENT_TEAM = 4HDBBU25PK;
				ENABLE_HARDENED_RUNTIME = YES;
				ENABLE_PREVIEWS = YES;
				INFOPLIST_FILE = macOS/Info.plist;
				LD_RUNPATH_SEARCH_PATHS = (
					"$(inherited)",
					"@executable_path/../Frameworks",
				);
				MACOSX_DEPLOYMENT_TARGET = 11.0;
				PRODUCT_BUNDLE_IDENTIFIER = br.com.tractrix.Currency;
				PRODUCT_NAME = Currency;
				SDKROOT = macosx;
				SWIFT_VERSION = 5.0;
			};
			name = Debug;
		};
		9F77C17F2693991E00D017F3 /* Release */ = {
			isa = XCBuildConfiguration;
			buildSettings = {
				ASSETCATALOG_COMPILER_APPICON_NAME = AppIcon;
				ASSETCATALOG_COMPILER_GLOBAL_ACCENT_COLOR_NAME = AccentColor;
				CODE_SIGN_ENTITLEMENTS = macOS/macOS.entitlements;
				CODE_SIGN_IDENTITY = "-";
				CODE_SIGN_STYLE = Automatic;
				COMBINE_HIDPI_IMAGES = YES;
				DEVELOPMENT_TEAM = 4HDBBU25PK;
				ENABLE_HARDENED_RUNTIME = YES;
				ENABLE_PREVIEWS = YES;
				INFOPLIST_FILE = macOS/Info.plist;
				LD_RUNPATH_SEARCH_PATHS = (
					"$(inherited)",
					"@executable_path/../Frameworks",
				);
				MACOSX_DEPLOYMENT_TARGET = 11.0;
				PRODUCT_BUNDLE_IDENTIFIER = br.com.tractrix.Currency;
				PRODUCT_NAME = Currency;
				SDKROOT = macosx;
				SWIFT_VERSION = 5.0;
			};
			name = Release;
		};
		9F77C1812693991E00D017F3 /* Debug */ = {
			isa = XCBuildConfiguration;
			buildSettings = {
				ALWAYS_EMBED_SWIFT_STANDARD_LIBRARIES = YES;
				CODE_SIGN_STYLE = Automatic;
				DEVELOPMENT_TEAM = 4HDBBU25PK;
				INFOPLIST_FILE = "Tests iOS/Info.plist";
				IPHONEOS_DEPLOYMENT_TARGET = 14.5;
				LD_RUNPATH_SEARCH_PATHS = (
					"$(inherited)",
					"@executable_path/Frameworks",
					"@loader_path/Frameworks",
				);
				PRODUCT_BUNDLE_IDENTIFIER = "br.com.tractrix.Tests-iOS";
				PRODUCT_NAME = "$(TARGET_NAME)";
				SDKROOT = iphoneos;
				SWIFT_VERSION = 5.0;
				TARGETED_DEVICE_FAMILY = "1,2";
				TEST_TARGET_NAME = "Currency (iOS)";
			};
			name = Debug;
		};
		9F77C1822693991E00D017F3 /* Release */ = {
			isa = XCBuildConfiguration;
			buildSettings = {
				ALWAYS_EMBED_SWIFT_STANDARD_LIBRARIES = YES;
				CODE_SIGN_STYLE = Automatic;
				DEVELOPMENT_TEAM = 4HDBBU25PK;
				INFOPLIST_FILE = "Tests iOS/Info.plist";
				IPHONEOS_DEPLOYMENT_TARGET = 14.5;
				LD_RUNPATH_SEARCH_PATHS = (
					"$(inherited)",
					"@executable_path/Frameworks",
					"@loader_path/Frameworks",
				);
				PRODUCT_BUNDLE_IDENTIFIER = "br.com.tractrix.Tests-iOS";
				PRODUCT_NAME = "$(TARGET_NAME)";
				SDKROOT = iphoneos;
				SWIFT_VERSION = 5.0;
				TARGETED_DEVICE_FAMILY = "1,2";
				TEST_TARGET_NAME = "Currency (iOS)";
				VALIDATE_PRODUCT = YES;
			};
			name = Release;
		};
		9F77C1842693991E00D017F3 /* Debug */ = {
			isa = XCBuildConfiguration;
			buildSettings = {
				ALWAYS_EMBED_SWIFT_STANDARD_LIBRARIES = YES;
				CODE_SIGN_STYLE = Automatic;
				COMBINE_HIDPI_IMAGES = YES;
				DEVELOPMENT_TEAM = 4HDBBU25PK;
				INFOPLIST_FILE = "Tests macOS/Info.plist";
				LD_RUNPATH_SEARCH_PATHS = (
					"$(inherited)",
					"@executable_path/../Frameworks",
					"@loader_path/../Frameworks",
				);
				MACOSX_DEPLOYMENT_TARGET = 11.3;
				PRODUCT_BUNDLE_IDENTIFIER = "br.com.tractrix.Tests-macOS";
				PRODUCT_NAME = "$(TARGET_NAME)";
				SDKROOT = macosx;
				SWIFT_VERSION = 5.0;
				TEST_TARGET_NAME = "Currency (macOS)";
			};
			name = Debug;
		};
		9F77C1852693991E00D017F3 /* Release */ = {
			isa = XCBuildConfiguration;
			buildSettings = {
				ALWAYS_EMBED_SWIFT_STANDARD_LIBRARIES = YES;
				CODE_SIGN_STYLE = Automatic;
				COMBINE_HIDPI_IMAGES = YES;
				DEVELOPMENT_TEAM = 4HDBBU25PK;
				INFOPLIST_FILE = "Tests macOS/Info.plist";
				LD_RUNPATH_SEARCH_PATHS = (
					"$(inherited)",
					"@executable_path/../Frameworks",
					"@loader_path/../Frameworks",
				);
				MACOSX_DEPLOYMENT_TARGET = 11.3;
				PRODUCT_BUNDLE_IDENTIFIER = "br.com.tractrix.Tests-macOS";
				PRODUCT_NAME = "$(TARGET_NAME)";
				SDKROOT = macosx;
				SWIFT_VERSION = 5.0;
				TEST_TARGET_NAME = "Currency (macOS)";
			};
			name = Release;
		};
/* End XCBuildConfiguration section */

/* Begin XCConfigurationList section */
		9F77C1472693991C00D017F3 /* Build configuration list for PBXProject "Currency" */ = {
			isa = XCConfigurationList;
			buildConfigurations = (
				9F77C1782693991E00D017F3 /* Debug */,
				9F77C1792693991E00D017F3 /* Release */,
			);
			defaultConfigurationIsVisible = 0;
			defaultConfigurationName = Release;
		};
		9F77C17A2693991E00D017F3 /* Build configuration list for PBXNativeTarget "Currency (iOS)" */ = {
			isa = XCConfigurationList;
			buildConfigurations = (
				9F77C17B2693991E00D017F3 /* Debug */,
				9F77C17C2693991E00D017F3 /* Release */,
			);
			defaultConfigurationIsVisible = 0;
			defaultConfigurationName = Release;
		};
		9F77C17D2693991E00D017F3 /* Build configuration list for PBXNativeTarget "Currency (macOS)" */ = {
			isa = XCConfigurationList;
			buildConfigurations = (
				9F77C17E2693991E00D017F3 /* Debug */,
				9F77C17F2693991E00D017F3 /* Release */,
			);
			defaultConfigurationIsVisible = 0;
			defaultConfigurationName = Release;
		};
		9F77C1802693991E00D017F3 /* Build configuration list for PBXNativeTarget "Tests iOS" */ = {
			isa = XCConfigurationList;
			buildConfigurations = (
				9F77C1812693991E00D017F3 /* Debug */,
				9F77C1822693991E00D017F3 /* Release */,
			);
			defaultConfigurationIsVisible = 0;
			defaultConfigurationName = Release;
		};
		9F77C1832693991E00D017F3 /* Build configuration list for PBXNativeTarget "Tests macOS" */ = {
			isa = XCConfigurationList;
			buildConfigurations = (
				9F77C1842693991E00D017F3 /* Debug */,
				9F77C1852693991E00D017F3 /* Release */,
			);
			defaultConfigurationIsVisible = 0;
			defaultConfigurationName = Release;
		};
/* End XCConfigurationList section */

/* Begin XCRemoteSwiftPackageReference section */
		9F0F1B3626AAA181005FE1C9 /* XCRemoteSwiftPackageReference "EndpointPublisher" */ = {
			isa = XCRemoteSwiftPackageReference;
			repositoryURL = "https://github.com/kennethlaskoski/EndpointPublisher.git";
			requirement = {
				branch = gold;
				kind = branch;
			};
		};
/* End XCRemoteSwiftPackageReference section */

/* Begin XCSwiftPackageProductDependency section */
		9F0F1B3726AAA181005FE1C9 /* EndpointPublisher */ = {
			isa = XCSwiftPackageProductDependency;
			package = 9F0F1B3626AAA181005FE1C9 /* XCRemoteSwiftPackageReference "EndpointPublisher" */;
			productName = EndpointPublisher;
		};
		9F0F1B3A26AAA19A005FE1C9 /* EndpointPublisher */ = {
			isa = XCSwiftPackageProductDependency;
			package = 9F0F1B3626AAA181005FE1C9 /* XCRemoteSwiftPackageReference "EndpointPublisher" */;
			productName = EndpointPublisher;
		};
/* End XCSwiftPackageProductDependency section */
	};
	rootObject = 9F77C1442693991C00D017F3 /* Project object */;
}
