{
  "object": {
    "pins": [
      {
        "package": "EndpointPublisher",
        "repositoryURL": "https://github.com/kennethlaskoski/EndpointPublisher.git",
        "state": {
          "branch": "gold",
          "revision": "59f5a41f28806ae7a6ff9f60eb418829d43fae52",
          "version": null
        }
      }
    ]
  },
  "version": 1
}
